
Microsoft Visual Studio Solution File, Format Version 12.00
# Visual Studio Version 17
VisualStudioVersion = 17.5.002.0
MinimumVisualStudioVersion = 10.0.40219.1
Project("{2150E333-8FDC-42A3-9474-1A3956D46DE8}") = "csharp-prep", "csharp-prep", "{1F0511C3-F067-4CC5-8E5E-DB51A6C60FAF}"
EndProject
Project("{9A19103F-16F7-4668-BE54-9A1E7A4F7556}") = "Prep1", "csharp-prep\Prep1\Prep1.csproj", "{FA6D1B86-30E3-45A2-8CDE-69D582983E7B}"
EndProject
Project("{9A19103F-16F7-4668-BE54-9A1E7A4F7556}") = "Prep2", "csharp-prep\Prep2\Prep2.csproj", "{29A35EC4-8006-4828-87EE-CF216B340CE9}"
EndProject
Project("{9A19103F-16F7-4668-BE54-9A1E7A4F7556}") = "Prep3", "csharp-prep\Prep3\Prep3.csproj", "{37BAB583-B2B2-460B-A17A-E5D5F5E3E331}"
EndProject
Project("{9A19103F-16F7-4668-BE54-9A1E7A4F7556}") = "Prep4", "csharp-prep\Prep4\Prep4.csproj", "{A589C5F3-2EEC-4CED-88F6-8E6BDEB4CE98}"
EndProject
Project("{9A19103F-16F7-4668-BE54-9A1E7A4F7556}") = "Prep5", "csharp-prep\Prep5\Prep5.csproj", "{A3D325AB-2C48-4AEB-B6E8-07FC1C9DA7BF}"
EndProject
Project("{2150E333-8FDC-42A3-9474-1A3956D46DE8}") = "foundation", "foundation", "{46FE4068-A57B-42FD-8EFA-D5E8FCE6D773}"
EndProject
Project("{9A19103F-16F7-4668-BE54-9A1E7A4F7556}") = "Foundation1", "foundation\Foundation1\Foundation1.csproj", "{DCE626B0-86AC-40BF-A200-37C46E8C96EF}"
EndProject
Project("{9A19103F-16F7-4668-BE54-9A1E7A4F7556}") = "Foundation2", "foundation\Foundation2\Foundation2.csproj", "{EC48F993-F625-40DB-AF5E-9C638706ACCD}"
EndProject
Project("{9A19103F-16F7-4668-BE54-9A1E7A4F7556}") = "Foundation3", "foundation\Foundation3\Foundation3.csproj", "{FD68C363-C7F2-49AB-B382-9E3AD38E709F}"
EndProject
Project("{2150E333-8FDC-42A3-9474-1A3956D46DE8}") = "prepare", "prepare", "{B9230666-4236-4F82-995D-5A1F89EC4D50}"
EndProject
Project("{9A19103F-16F7-4668-BE54-9A1E7A4F7556}") = "Learning02", "prepare\Learning02\Learning02.csproj", "{A31F1A97-F341-46F4-9328-B8B8FB6D45A9}"
EndProject
Project("{9A19103F-16F7-4668-BE54-9A1E7A4F7556}") = "Learning03", "prepare\Learning03\Learning03.csproj", "{5510099B-3C1E-45EE-997A-0FD6E68AFC45}"
EndProject
Project("{9A19103F-16F7-4668-BE54-9A1E7A4F7556}") = "Learning05", "prepare\Learning05\Learning05.csproj", "{98D495BA-F9A0-46DF-A988-6F9ADDFFF503}"
EndProject
Project("{9A19103F-16F7-4668-BE54-9A1E7A4F7556}") = "Learning06", "prepare\Learning06\Learning06.csproj", "{D07A56F9-C116-4242-9AB3-D9DEE5A9D854}"
EndProject
Project("{2150E333-8FDC-42A3-9474-1A3956D46DE8}") = "prove", "prove", "{6062D9A4-BFC7-4F3D-8EA5-ADDB29C6A82C}"
EndProject
Project("{9A19103F-16F7-4668-BE54-9A1E7A4F7556}") = "Develop02", "prove\Develop02\Develop02.csproj", "{0182B37A-1CF3-4CAA-8723-88A6D921203C}"
EndProject
Project("{9A19103F-16F7-4668-BE54-9A1E7A4F7556}") = "Develop03", "prove\Develop03\Develop03.csproj", "{09018682-E712-459D-B903-CBBE455B0DA6}"
EndProject
Project("{9A19103F-16F7-4668-BE54-9A1E7A4F7556}") = "Develop05", "prove\Develop05\Develop05.csproj", "{761430F2-4A16-479D-9399-E7F1B3DD8F05}"
EndProject
Project("{9A19103F-16F7-4668-BE54-9A1E7A4F7556}") = "Develop06", "prove\Develop06\Develop06.csproj", "{165C6B32-4E75-4CC7-9EF5-28E3B3224F1A}"
EndProject
Project("{2150E333-8FDC-42A3-9474-1A3956D46DE8}") = "sandbox", "sandbox", "{48147DFD-790E-4203-9622-BA138959E08D}"
EndProject
Project("{9A19103F-16F7-4668-BE54-9A1E7A4F7556}") = "Sandbox", "sandbox\Sandbox\Sandbox.csproj", "{32DD50F5-D2A0-47F9-8242-A76CDA591D31}"
EndProject
Global
	GlobalSection(SolutionConfigurationPlatforms) = preSolution
		Debug|Any CPU = Debug|Any CPU
		Release|Any CPU = Release|Any CPU
	EndGlobalSection
	GlobalSection(ProjectConfigurationPlatforms) = postSolution
		{FA6D1B86-30E3-45A2-8CDE-69D582983E7B}.Debug|Any CPU.ActiveCfg = Debug|Any CPU
		{FA6D1B86-30E3-45A2-8CDE-69D582983E7B}.Debug|Any CPU.Build.0 = Debug|Any CPU
		{FA6D1B86-30E3-45A2-8CDE-69D582983E7B}.Release|Any CPU.ActiveCfg = Release|Any CPU
		{FA6D1B86-30E3-45A2-8CDE-69D582983E7B}.Release|Any CPU.Build.0 = Release|Any CPU
		{29A35EC4-8006-4828-87EE-CF216B340CE9}.Debug|Any CPU.ActiveCfg = Debug|Any CPU
		{29A35EC4-8006-4828-87EE-CF216B340CE9}.Debug|Any CPU.Build.0 = Debug|Any CPU
		{29A35EC4-8006-4828-87EE-CF216B340CE9}.Release|Any CPU.ActiveCfg = Release|Any CPU
		{29A35EC4-8006-4828-87EE-CF216B340CE9}.Release|Any CPU.Build.0 = Release|Any CPU
		{37BAB583-B2B2-460B-A17A-E5D5F5E3E331}.Debug|Any CPU.ActiveCfg = Debug|Any CPU
		{37BAB583-B2B2-460B-A17A-E5D5F5E3E331}.Debug|Any CPU.Build.0 = Debug|Any CPU
		{37BAB583-B2B2-460B-A17A-E5D5F5E3E331}.Release|Any CPU.ActiveCfg = Release|Any CPU
		{37BAB583-B2B2-460B-A17A-E5D5F5E3E331}.Release|Any CPU.Build.0 = Release|Any CPU
		{A589C5F3-2EEC-4CED-88F6-8E6BDEB4CE98}.Debug|Any CPU.ActiveCfg = Debug|Any CPU
		{A589C5F3-2EEC-4CED-88F6-8E6BDEB4CE98}.Debug|Any CPU.Build.0 = Debug|Any CPU
		{A589C5F3-2EEC-4CED-88F6-8E6BDEB4CE98}.Release|Any CPU.ActiveCfg = Release|Any CPU
		{A589C5F3-2EEC-4CED-88F6-8E6BDEB4CE98}.Release|Any CPU.Build.0 = Release|Any CPU
		{A3D325AB-2C48-4AEB-B6E8-07FC1C9DA7BF}.Debug|Any CPU.ActiveCfg = Debug|Any CPU
		{A3D325AB-2C48-4AEB-B6E8-07FC1C9DA7BF}.Debug|Any CPU.Build.0 = Debug|Any CPU
		{A3D325AB-2C48-4AEB-B6E8-07FC1C9DA7BF}.Release|Any CPU.ActiveCfg = Release|Any CPU
		{A3D325AB-2C48-4AEB-B6E8-07FC1C9DA7BF}.Release|Any CPU.Build.0 = Release|Any CPU
		{DCE626B0-86AC-40BF-A200-37C46E8C96EF}.Debug|Any CPU.ActiveCfg = Debug|Any CPU
		{DCE626B0-86AC-40BF-A200-37C46E8C96EF}.Debug|Any CPU.Build.0 = Debug|Any CPU
		{DCE626B0-86AC-40BF-A200-37C46E8C96EF}.Release|Any CPU.ActiveCfg = Release|Any CPU
		{DCE626B0-86AC-40BF-A200-37C46E8C96EF}.Release|Any CPU.Build.0 = Release|Any CPU
		{EC48F993-F625-40DB-AF5E-9C638706ACCD}.Debug|Any CPU.ActiveCfg = Debug|Any CPU
		{EC48F993-F625-40DB-AF5E-9C638706ACCD}.Debug|Any CPU.Build.0 = Debug|Any CPU
		{EC48F993-F625-40DB-AF5E-9C638706ACCD}.Release|Any CPU.ActiveCfg = Release|Any CPU
		{EC48F993-F625-40DB-AF5E-9C638706ACCD}.Release|Any CPU.Build.0 = Release|Any CPU
		{FD68C363-C7F2-49AB-B382-9E3AD38E709F}.Debug|Any CPU.ActiveCfg = Debug|Any CPU
		{FD68C363-C7F2-49AB-B382-9E3AD38E709F}.Debug|Any CPU.Build.0 = Debug|Any CPU
		{FD68C363-C7F2-49AB-B382-9E3AD38E709F}.Release|Any CPU.ActiveCfg = Release|Any CPU
		{FD68C363-C7F2-49AB-B382-9E3AD38E709F}.Release|Any CPU.Build.0 = Release|Any CPU
		{A31F1A97-F341-46F4-9328-B8B8FB6D45A9}.Debug|Any CPU.ActiveCfg = Debug|Any CPU
		{A31F1A97-F341-46F4-9328-B8B8FB6D45A9}.Debug|Any CPU.Build.0 = Debug|Any CPU
		{A31F1A97-F341-46F4-9328-B8B8FB6D45A9}.Release|Any CPU.ActiveCfg = Release|Any CPU
		{A31F1A97-F341-46F4-9328-B8B8FB6D45A9}.Release|Any CPU.Build.0 = Release|Any CPU
		{5510099B-3C1E-45EE-997A-0FD6E68AFC45}.Debug|Any CPU.ActiveCfg = Debug|Any CPU
		{5510099B-3C1E-45EE-997A-0FD6E68AFC45}.Debug|Any CPU.Build.0 = Debug|Any CPU
		{5510099B-3C1E-45EE-997A-0FD6E68AFC45}.Release|Any CPU.ActiveCfg = Release|Any CPU
		{5510099B-3C1E-45EE-997A-0FD6E68AFC45}.Release|Any CPU.Build.0 = Release|Any CPU
		{98D495BA-F9A0-46DF-A988-6F9ADDFFF503}.Debug|Any CPU.ActiveCfg = Debug|Any CPU
		{98D495BA-F9A0-46DF-A988-6F9ADDFFF503}.Debug|Any CPU.Build.0 = Debug|Any CPU
		{98D495BA-F9A0-46DF-A988-6F9ADDFFF503}.Release|Any CPU.ActiveCfg = Release|Any CPU
		{98D495BA-F9A0-46DF-A988-6F9ADDFFF503}.Release|Any CPU.Build.0 = Release|Any CPU
		{D07A56F9-C116-4242-9AB3-D9DEE5A9D854}.Debug|Any CPU.ActiveCfg = Debug|Any CPU
		{D07A56F9-C116-4242-9AB3-D9DEE5A9D854}.Debug|Any CPU.Build.0 = Debug|Any CPU
		{D07A56F9-C116-4242-9AB3-D9DEE5A9D854}.Release|Any CPU.ActiveCfg = Release|Any CPU
		{D07A56F9-C116-4242-9AB3-D9DEE5A9D854}.Release|Any CPU.Build.0 = Release|Any CPU
		{0182B37A-1CF3-4CAA-8723-88A6D921203C}.Debug|Any CPU.ActiveCfg = Debug|Any CPU
		{0182B37A-1CF3-4CAA-8723-88A6D921203C}.Debug|Any CPU.Build.0 = Debug|Any CPU
		{0182B37A-1CF3-4CAA-8723-88A6D921203C}.Release|Any CPU.ActiveCfg = Release|Any CPU
		{0182B37A-1CF3-4CAA-8723-88A6D921203C}.Release|Any CPU.Build.0 = Release|Any CPU
		{09018682-E712-459D-B903-CBBE455B0DA6}.Debug|Any CPU.ActiveCfg = Debug|Any CPU
		{09018682-E712-459D-B903-CBBE455B0DA6}.Debug|Any CPU.Build.0 = Debug|Any CPU
		{09018682-E712-459D-B903-CBBE455B0DA6}.Release|Any CPU.ActiveCfg = Release|Any CPU
		{09018682-E712-459D-B903-CBBE455B0DA6}.Release|Any CPU.Build.0 = Release|Any CPU
		{761430F2-4A16-479D-9399-E7F1B3DD8F05}.Debug|Any CPU.ActiveCfg = Debug|Any CPU
		{761430F2-4A16-479D-9399-E7F1B3DD8F05}.Debug|Any CPU.Build.0 = Debug|Any CPU
		{761430F2-4A16-479D-9399-E7F1B3DD8F05}.Release|Any CPU.ActiveCfg = Release|Any CPU
		{761430F2-4A16-479D-9399-E7F1B3DD8F05}.Release|Any CPU.Build.0 = Release|Any CPU
		{165C6B32-4E75-4CC7-9EF5-28E3B3224F1A}.Debug|Any CPU.ActiveCfg = Debug|Any CPU
		{165C6B32-4E75-4CC7-9EF5-28E3B3224F1A}.Debug|Any CPU.Build.0 = Debug|Any CPU
		{165C6B32-4E75-4CC7-9EF5-28E3B3224F1A}.Release|Any CPU.ActiveCfg = Release|Any CPU
		{165C6B32-4E75-4CC7-9EF5-28E3B3224F1A}.Release|Any CPU.Build.0 = Release|Any CPU
		{32DD50F5-D2A0-47F9-8242-A76CDA591D31}.Debug|Any CPU.ActiveCfg = Debug|Any CPU
		{32DD50F5-D2A0-47F9-8242-A76CDA591D31}.Debug|Any CPU.Build.0 = Debug|Any CPU
		{32DD50F5-D2A0-47F9-8242-A76CDA591D31}.Release|Any CPU.ActiveCfg = Release|Any CPU
		{32DD50F5-D2A0-47F9-8242-A76CDA591D31}.Release|Any CPU.Build.0 = Release|Any CPU
	EndGlobalSection
	GlobalSection(SolutionProperties) = preSolution
		HideSolutionNode = FALSE
	EndGlobalSection
	GlobalSection(NestedProjects) = preSolution
		{FA6D1B86-30E3-45A2-8CDE-69D582983E7B} = {1F0511C3-F067-4CC5-8E5E-DB51A6C60FAF}
		{29A35EC4-8006-4828-87EE-CF216B340CE9} = {1F0511C3-F067-4CC5-8E5E-DB51A6C60FAF}
		{37BAB583-B2B2-460B-A17A-E5D5F5E3E331} = {1F0511C3-F067-4CC5-8E5E-DB51A6C60FAF}
		{A589C5F3-2EEC-4CED-88F6-8E6BDEB4CE98} = {1F0511C3-F067-4CC5-8E5E-DB51A6C60FAF}
		{A3D325AB-2C48-4AEB-B6E8-07FC1C9DA7BF} = {1F0511C3-F067-4CC5-8E5E-DB51A6C60FAF}
		{DCE626B0-86AC-40BF-A200-37C46E8C96EF} = {46FE4068-A57B-42FD-8EFA-D5E8FCE6D773}
		{EC48F993-F625-40DB-AF5E-9C638706ACCD} = {46FE4068-A57B-42FD-8EFA-D5E8FCE6D773}
		{FD68C363-C7F2-49AB-B382-9E3AD38E709F} = {46FE4068-A57B-42FD-8EFA-D5E8FCE6D773}
		{A31F1A97-F341-46F4-9328-B8B8FB6D45A9} = {B9230666-4236-4F82-995D-5A1F89EC4D50}
		{5510099B-3C1E-45EE-997A-0FD6E68AFC45} = {B9230666-4236-4F82-995D-5A1F89EC4D50}
		{98D495BA-F9A0-46DF-A988-6F9ADDFFF503} = {B9230666-4236-4F82-995D-5A1F89EC4D50}
		{D07A56F9-C116-4242-9AB3-D9DEE5A9D854} = {B9230666-4236-4F82-995D-5A1F89EC4D50}
		{0182B37A-1CF3-4CAA-8723-88A6D921203C} = {6062D9A4-BFC7-4F3D-8EA5-ADDB29C6A82C}
		{09018682-E712-459D-B903-CBBE455B0DA6} = {6062D9A4-BFC7-4F3D-8EA5-ADDB29C6A82C}
		{761430F2-4A16-479D-9399-E7F1B3DD8F05} = {6062D9A4-BFC7-4F3D-8EA5-ADDB29C6A82C}
		{165C6B32-4E75-4CC7-9EF5-28E3B3224F1A} = {6062D9A4-BFC7-4F3D-8EA5-ADDB29C6A82C}
		{32DD50F5-D2A0-47F9-8242-A76CDA591D31} = {48147DFD-790E-4203-9622-BA138959E08D}
	EndGlobalSection
	GlobalSection(ExtensibilityGlobals) = postSolution
		SolutionGuid = {2B1ACAC9-D612-468D-BB49-89CFFF99E108}
	EndGlobalSection
EndGlobal
